
Microsoft Visual Studio Solution File, Format Version 12.00
# Visual Studio Version 17
VisualStudioVersion = 17.0.32112.339
MinimumVisualStudioVersion = 10.0.40219.1
Project("{8BC9CEB8-8B4A-11D0-8D11-00A0C91BC942}") = "cv-tracker", "cv-tracker.vcxproj", "{B56783B3-FDB0-4FA6-AF3A-CC6716D8B088}"
EndProject
Project("{8BC9CEB8-8B4A-11D0-8D11-00A0C91BC942}") = "cv-cam-calibration", "cv-cam-calibration\cv-cam-calibration.vcxproj", "{6486BD1B-CFD8-41F1-A8CE-0E05225149CF}"
EndProject
Global
	GlobalSection(SolutionConfigurationPlatforms) = preSolution
		Debug|x64 = Debug|x64
		Debug|x86 = Debug|x86
		Release|x64 = Release|x64
		Release|x86 = Release|x86
	EndGlobalSection
	GlobalSection(ProjectConfigurationPlatforms) = postSolution
		{B56783B3-FDB0-4FA6-AF3A-CC6716D8B088}.Debug|x64.ActiveCfg = Debug|x64
		{B56783B3-FDB0-4FA6-AF3A-CC6716D8B088}.Debug|x64.Build.0 = Debug|x64
		{B56783B3-FDB0-4FA6-AF3A-CC6716D8B088}.Debug|x86.ActiveCfg = Debug|Win32
		{B56783B3-FDB0-4FA6-AF3A-CC6716D8B088}.Debug|x86.Build.0 = Debug|Win32
		{B56783B3-FDB0-4FA6-AF3A-CC6716D8B088}.Release|x64.ActiveCfg = Release|x64
		{B56783B3-FDB0-4FA6-AF3A-CC6716D8B088}.Release|x64.Build.0 = Release|x64
		{B56783B3-FDB0-4FA6-AF3A-CC6716D8B088}.Release|x86.ActiveCfg = Release|Win32
		{B56783B3-FDB0-4FA6-AF3A-CC6716D8B088}.Release|x86.Build.0 = Release|Win32
		{6486BD1B-CFD8-41F1-A8CE-0E05225149CF}.Debug|x64.ActiveCfg = Debug|x64
		{6486BD1B-CFD8-41F1-A8CE-0E05225149CF}.Debug|x64.Build.0 = Debug|x64
		{6486BD1B-CFD8-41F1-A8CE-0E05225149CF}.Debug|x86.ActiveCfg = Debug|Win32
		{6486BD1B-CFD8-41F1-A8CE-0E05225149CF}.Debug|x86.Build.0 = Debug|Win32
		{6486BD1B-CFD8-41F1-A8CE-0E05225149CF}.Release|x64.ActiveCfg = Release|x64
		{6486BD1B-CFD8-41F1-A8CE-0E05225149CF}.Release|x64.Build.0 = Release|x64
		{6486BD1B-CFD8-41F1-A8CE-0E05225149CF}.Release|x86.ActiveCfg = Release|Win32
		{6486BD1B-CFD8-41F1-A8CE-0E05225149CF}.Release|x86.Build.0 = Release|Win32
	EndGlobalSection
	GlobalSection(SolutionProperties) = preSolution
		HideSolutionNode = FALSE
	EndGlobalSection
	GlobalSection(ExtensibilityGlobals) = postSolution
		SolutionGuid = {13A120AF-EB6F-4B6F-B76A-D3B78DA4F9DD}
	EndGlobalSection
EndGlobal
